PODS:
  - SnapKit (5.0.1)
  - SwiftLint (0.54.0)

DEPENDENCIES:
  - SnapKit (~> 5.0.0)
  - SwiftLint

SPEC REPOS:
  trunk:
    - SnapKit
    - SwiftLint

SPEC CHECKSUMS:
  SnapKit: 97b92857e3df3a0c71833cce143274bf6ef8e5eb
  SwiftLint: c1de071d9d08c8aba837545f6254315bc900e211

PODFILE CHECKSUM: 057418e18333c8045e02e18d3ba6a7126c3074e9

COCOAPODS: 1.15.2
