// !$*UTF8*$!
{
	archiveVersion = 1;
	classes = {
	};
	objectVersion = 56;
	objects = {

/* Begin PBXBuildFile section */
		0A0BCF5E611CADAFA47DBB0A /* Pods_DemoApp.framework in Frameworks */ = {isa = PBXBuildFile; fileRef = C4D5B9FAB53DC72CA9EEB4E9 /* Pods_DemoApp.framework */; };
		205789D02BEBEF1800DEA100 /* FirstViewModel.swift in Sources */ = {isa = PBXBuildFile; fileRef = 205789CF2BEBEF1800DEA100 /* FirstViewModel.swift */; };
		20C9DF092BE6F2B4000E4EAB /* AppDelegate.swift in Sources */ = {isa = PBXBuildFile; fileRef = 20C9DF082BE6F2B4000E4EAB /* AppDelegate.swift */; };
		20C9DF0B2BE6F2B4000E4EAB /* SceneDelegate.swift in Sources */ = {isa = PBXBuildFile; fileRef = 20C9DF0A2BE6F2B4000E4EAB /* SceneDelegate.swift */; };
		20C9DF0D2BE6F2B4000E4EAB /* FirstViewController.swift in Sources */ = {isa = PBXBuildFile; fileRef = 20C9DF0C2BE6F2B4000E4EAB /* FirstViewController.swift */; };
		20C9DF122BE6F2B5000E4EAB /* Assets.xcassets in Resources */ = {isa = PBXBuildFile; fileRef = 20C9DF112BE6F2B5000E4EAB /* Assets.xcassets */; };
		20C9DF152BE6F2B5000E4EAB /* Base in Resources */ = {isa = PBXBuildFile; fileRef = 20C9DF142BE6F2B5000E4EAB /* Base */; };
		20C9DF202BE6F2B5000E4EAB /* DemoAppTests.swift in Sources */ = {isa = PBXBuildFile; fileRef = 20C9DF1F2BE6F2B5000E4EAB /* DemoAppTests.swift */; };
		20C9DF2A2BE6F2B5000E4EAB /* DemoAppUITests.swift in Sources */ = {isa = PBXBuildFile; fileRef = 20C9DF292BE6F2B5000E4EAB /* DemoAppUITests.swift */; };
		20C9DF2C2BE6F2B5000E4EAB /* DemoAppUITestsLaunchTests.swift in Sources */ = {isa = PBXBuildFile; fileRef = 20C9DF2B2BE6F2B5000E4EAB /* DemoAppUITestsLaunchTests.swift */; };
		20C9DF3B2BE6F3EF000E4EAB /* APIEndpoint.swift in Sources */ = {isa = PBXBuildFile; fileRef = 20C9DF3A2BE6F3EF000E4EAB /* APIEndpoint.swift */; };
		20C9DF3D2BE6F725000E4EAB /* DemoEndpoint.swift in Sources */ = {isa = PBXBuildFile; fileRef = 20C9DF3C2BE6F725000E4EAB /* DemoEndpoint.swift */; };
		20C9DF3F2BE6F856000E4EAB /* APIClient.swift in Sources */ = {isa = PBXBuildFile; fileRef = 20C9DF3E2BE6F856000E4EAB /* APIClient.swift */; };
		20C9DF412BE6F8AD000E4EAB /* APIClientURLSession.swift in Sources */ = {isa = PBXBuildFile; fileRef = 20C9DF402BE6F8AD000E4EAB /* APIClientURLSession.swift */; };
		8B4536503405D17F4F85F75E /* Pods_DemoAppTests.framework in Frameworks */ = {isa = PBXBuildFile; fileRef = 47CD431479C4982EB2AF5298 /* Pods_DemoAppTests.framework */; };
		A78B2AFB0E308C806050B7B5 /* Pods_DemoApp_DemoAppUITests.framework in Frameworks */ = {isa = PBXBuildFile; fileRef = FE07415ACFB7CD23B47F9D2C /* Pods_DemoApp_DemoAppUITests.framework */; };
/* End PBXBuildFile section */

/* Begin PBXContainerItemProxy section */
		20C9DF1C2BE6F2B5000E4EAB /* PBXContainerItemProxy */ = {
			isa = PBXContainerItemProxy;
			containerPortal = 20C9DEFD2BE6F2B3000E4EAB /* Project object */;
			proxyType = 1;
			remoteGlobalIDString = 20C9DF042BE6F2B4000E4EAB;
			remoteInfo = DemoApp;
		};
		20C9DF262BE6F2B5000E4EAB /* PBXContainerItemProxy */ = {
			isa = PBXContainerItemProxy;
			containerPortal = 20C9DEFD2BE6F2B3000E4EAB /* Project object */;
			proxyType = 1;
			remoteGlobalIDString = 20C9DF042BE6F2B4000E4EAB;
			remoteInfo = DemoApp;
		};
/* End PBXContainerItemProxy section */

/* Begin PBXFileReference section */
		031B56ABA3AC0215564C2C56 /* Pods-DemoAppTests.release.xcconfig */ = {isa = PBXFileReference; includeInIndex = 1; lastKnownFileType = text.xcconfig; name = "Pods-DemoAppTests.release.xcconfig"; path = "Target Support Files/Pods-DemoAppTests/Pods-DemoAppTests.release.xcconfig"; sourceTree = "<group>"; };
		205789CF2BEBEF1800DEA100 /* FirstViewModel.swift */ = {isa = PBXFileReference; lastKnownFileType = sourcecode.swift; path = FirstViewModel.swift; sourceTree = "<group>"; };
		20C9DF052BE6F2B4000E4EAB /* DemoApp.app */ = {isa = PBXFileReference; explicitFileType = wrapper.application; includeInIndex = 0; path = DemoApp.app; sourceTree = BUILT_PRODUCTS_DIR; };
		20C9DF082BE6F2B4000E4EAB /* AppDelegate.swift */ = {isa = PBXFileReference; lastKnownFileType = sourcecode.swift; path = AppDelegate.swift; sourceTree = "<group>"; };
		20C9DF0A2BE6F2B4000E4EAB /* SceneDelegate.swift */ = {isa = PBXFileReference; lastKnownFileType = sourcecode.swift; path = SceneDelegate.swift; sourceTree = "<group>"; };
		20C9DF0C2BE6F2B4000E4EAB /* FirstViewController.swift */ = {isa = PBXFileReference; lastKnownFileType = sourcecode.swift; path = FirstViewController.swift; sourceTree = "<group>"; };
		20C9DF112BE6F2B5000E4EAB /* Assets.xcassets */ = {isa = PBXFileReference; lastKnownFileType = folder.assetcatalog; path = Assets.xcassets; sourceTree = "<group>"; };
		20C9DF142BE6F2B5000E4EAB /* Base */ = {isa = PBXFileReference; lastKnownFileType = file.storyboard; name = Base; path = Base.lproj/LaunchScreen.storyboard; sourceTree = "<group>"; };
		20C9DF162BE6F2B5000E4EAB /* Info.plist */ = {isa = PBXFileReference; lastKnownFileType = text.plist.xml; path = Info.plist; sourceTree = "<group>"; };
		20C9DF1B2BE6F2B5000E4EAB /* DemoAppTests.xctest */ = {isa = PBXFileReference; explicitFileType = wrapper.cfbundle; includeInIndex = 0; path = DemoAppTests.xctest; sourceTree = BUILT_PRODUCTS_DIR; };
		20C9DF1F2BE6F2B5000E4EAB /* DemoAppTests.swift */ = {isa = PBXFileReference; lastKnownFileType = sourcecode.swift; path = DemoAppTests.swift; sourceTree = "<group>"; };
		20C9DF252BE6F2B5000E4EAB /* DemoAppUITests.xctest */ = {isa = PBXFileReference; explicitFileType = wrapper.cfbundle; includeInIndex = 0; path = DemoAppUITests.xctest; sourceTree = BUILT_PRODUCTS_DIR; };
		20C9DF292BE6F2B5000E4EAB /* DemoAppUITests.swift */ = {isa = PBXFileReference; lastKnownFileType = sourcecode.swift; path = DemoAppUITests.swift; sourceTree = "<group>"; };
		20C9DF2B2BE6F2B5000E4EAB /* DemoAppUITestsLaunchTests.swift */ = {isa = PBXFileReference; lastKnownFileType = sourcecode.swift; path = DemoAppUITestsLaunchTests.swift; sourceTree = "<group>"; };
		20C9DF3A2BE6F3EF000E4EAB /* APIEndpoint.swift */ = {isa = PBXFileReference; lastKnownFileType = sourcecode.swift; path = APIEndpoint.swift; sourceTree = "<group>"; };
		20C9DF3C2BE6F725000E4EAB /* DemoEndpoint.swift */ = {isa = PBXFileReference; lastKnownFileType = sourcecode.swift; path = DemoEndpoint.swift; sourceTree = "<group>"; };
		20C9DF3E2BE6F856000E4EAB /* APIClient.swift */ = {isa = PBXFileReference; lastKnownFileType = sourcecode.swift; path = APIClient.swift; sourceTree = "<group>"; };
		20C9DF402BE6F8AD000E4EAB /* APIClientURLSession.swift */ = {isa = PBXFileReference; lastKnownFileType = sourcecode.swift; path = APIClientURLSession.swift; sourceTree = "<group>"; };
		47CD431479C4982EB2AF5298 /* Pods_DemoAppTests.framework */ = {isa = PBXFileReference; explicitFileType = wrapper.framework; includeInIndex = 0; path = Pods_DemoAppTests.framework; sourceTree = BUILT_PRODUCTS_DIR; };
		75EDF899EAC498DF0EA5AD2C /* Pods-DemoApp-DemoAppUITests.release.xcconfig */ = {isa = PBXFileReference; includeInIndex = 1; lastKnownFileType = text.xcconfig; name = "Pods-DemoApp-DemoAppUITests.release.xcconfig"; path = "Target Support Files/Pods-DemoApp-DemoAppUITests/Pods-DemoApp-DemoAppUITests.release.xcconfig"; sourceTree = "<group>"; };
		9E2AE9C74236011E12B8AB04 /* Pods-DemoAppTests.debug.xcconfig */ = {isa = PBXFileReference; includeInIndex = 1; lastKnownFileType = text.xcconfig; name = "Pods-DemoAppTests.debug.xcconfig"; path = "Target Support Files/Pods-DemoAppTests/Pods-DemoAppTests.debug.xcconfig"; sourceTree = "<group>"; };
		B6E4485A1BB6EAF22ABBECE9 /* Pods-DemoApp.release.xcconfig */ = {isa = PBXFileReference; includeInIndex = 1; lastKnownFileType = text.xcconfig; name = "Pods-DemoApp.release.xcconfig"; path = "Target Support Files/Pods-DemoApp/Pods-DemoApp.release.xcconfig"; sourceTree = "<group>"; };
		C2468ABC4636DCF0693D4ABD /* Pods-DemoApp-DemoAppUITests.debug.xcconfig */ = {isa = PBXFileReference; includeInIndex = 1; lastKnownFileType = text.xcconfig; name = "Pods-DemoApp-DemoAppUITests.debug.xcconfig"; path = "Target Support Files/Pods-DemoApp-DemoAppUITests/Pods-DemoApp-DemoAppUITests.debug.xcconfig"; sourceTree = "<group>"; };
		C4D5B9FAB53DC72CA9EEB4E9 /* Pods_DemoApp.framework */ = {isa = PBXFileReference; explicitFileType = wrapper.framework; includeInIndex = 0; path = Pods_DemoApp.framework; sourceTree = BUILT_PRODUCTS_DIR; };
		DC3446A4727F0BA00241CF23 /* Pods-DemoApp.debug.xcconfig */ = {isa = PBXFileReference; includeInIndex = 1; lastKnownFileType = text.xcconfig; name = "Pods-DemoApp.debug.xcconfig"; path = "Target Support Files/Pods-DemoApp/Pods-DemoApp.debug.xcconfig"; sourceTree = "<group>"; };
		FE07415ACFB7CD23B47F9D2C /* Pods_DemoApp_DemoAppUITests.framework */ = {isa = PBXFileReference; explicitFileType = wrapper.framework; includeInIndex = 0; path = Pods_DemoApp_DemoAppUITests.framework; sourceTree = BUILT_PRODUCTS_DIR; };
/* End PBXFileReference section */

/* Begin PBXFrameworksBuildPhase section */
		20C9DF022BE6F2B4000E4EAB /* Frameworks */ = {
			isa = PBXFrameworksBuildPhase;
			buildActionMask = 2147483647;
			files = (
				0A0BCF5E611CADAFA47DBB0A /* Pods_DemoApp.framework in Frameworks */,
			);
			runOnlyForDeploymentPostprocessing = 0;
		};
		20C9DF182BE6F2B5000E4EAB /* Frameworks */ = {
			isa = PBXFrameworksBuildPhase;
			buildActionMask = 2147483647;
			files = (
				8B4536503405D17F4F85F75E /* Pods_DemoAppTests.framework in Frameworks */,
			);
			runOnlyForDeploymentPostprocessing = 0;
		};
		20C9DF222BE6F2B5000E4EAB /* Frameworks */ = {
			isa = PBXFrameworksBuildPhase;
			buildActionMask = 2147483647;
			files = (
				A78B2AFB0E308C806050B7B5 /* Pods_DemoApp_DemoAppUITests.framework in Frameworks */,
			);
			runOnlyForDeploymentPostprocessing = 0;
		};
/* End PBXFrameworksBuildPhase section */

/* Begin PBXGroup section */
		20C9DEFC2BE6F2B3000E4EAB = {
			isa = PBXGroup;
			children = (
				20C9DF072BE6F2B4000E4EAB /* DemoApp */,
				20C9DF1E2BE6F2B5000E4EAB /* DemoAppTests */,
				20C9DF282BE6F2B5000E4EAB /* DemoAppUITests */,
				20C9DF062BE6F2B4000E4EAB /* Products */,
				3B24A28BEA092B31B090B179 /* Pods */,
				6C644F0622662B9FF08E47B0 /* Frameworks */,
			);
			sourceTree = "<group>";
		};
		20C9DF062BE6F2B4000E4EAB /* Products */ = {
			isa = PBXGroup;
			children = (
				20C9DF052BE6F2B4000E4EAB /* DemoApp.app */,
				20C9DF1B2BE6F2B5000E4EAB /* DemoAppTests.xctest */,
				20C9DF252BE6F2B5000E4EAB /* DemoAppUITests.xctest */,
			);
			name = Products;
			sourceTree = "<group>";
		};
		20C9DF072BE6F2B4000E4EAB /* DemoApp */ = {
			isa = PBXGroup;
			children = (
				20C9DF442BE99BCE000E4EAB /* Modules */,
				20C9DF422BE99AE7000E4EAB /* Model */,
				20C9DF382BE6F333000E4EAB /* Core */,
				20C9DF082BE6F2B4000E4EAB /* AppDelegate.swift */,
				20C9DF0A2BE6F2B4000E4EAB /* SceneDelegate.swift */,
				20C9DF112BE6F2B5000E4EAB /* Assets.xcassets */,
				20C9DF132BE6F2B5000E4EAB /* LaunchScreen.storyboard */,
				20C9DF162BE6F2B5000E4EAB /* Info.plist */,
			);
			path = DemoApp;
			sourceTree = "<group>";
		};
		20C9DF1E2BE6F2B5000E4EAB /* DemoAppTests */ = {
			isa = PBXGroup;
			children = (
				20C9DF1F2BE6F2B5000E4EAB /* DemoAppTests.swift */,
			);
			path = DemoAppTests;
			sourceTree = "<group>";
		};
		20C9DF282BE6F2B5000E4EAB /* DemoAppUITests */ = {
			isa = PBXGroup;
			children = (
				20C9DF292BE6F2B5000E4EAB /* DemoAppUITests.swift */,
				20C9DF2B2BE6F2B5000E4EAB /* DemoAppUITestsLaunchTests.swift */,
			);
			path = DemoAppUITests;
			sourceTree = "<group>";
		};
		20C9DF382BE6F333000E4EAB /* Core */ = {
			isa = PBXGroup;
			children = (
				20C9DF392BE6F395000E4EAB /* Network */,
			);
			path = Core;
			sourceTree = "<group>";
		};
		20C9DF392BE6F395000E4EAB /* Network */ = {
			isa = PBXGroup;
			children = (
				20C9DF3A2BE6F3EF000E4EAB /* APIEndpoint.swift */,
				20C9DF3C2BE6F725000E4EAB /* DemoEndpoint.swift */,
				20C9DF3E2BE6F856000E4EAB /* APIClient.swift */,
				20C9DF402BE6F8AD000E4EAB /* APIClientURLSession.swift */,
			);
			path = Network;
			sourceTree = "<group>";
		};
		20C9DF422BE99AE7000E4EAB /* Model */ = {
			isa = PBXGroup;
			children = (
			);
			path = Model;
			sourceTree = "<group>";
		};
		20C9DF442BE99BCE000E4EAB /* Modules */ = {
			isa = PBXGroup;
			children = (
				20C9DF452BE99BD4000E4EAB /* FirstScreen */,
			);
			path = Modules;
			sourceTree = "<group>";
		};
		20C9DF452BE99BD4000E4EAB /* FirstScreen */ = {
			isa = PBXGroup;
			children = (
				20C9DF0C2BE6F2B4000E4EAB /* FirstViewController.swift */,
				205789CF2BEBEF1800DEA100 /* FirstViewModel.swift */,
			);
			path = FirstScreen;
			sourceTree = "<group>";
		};
		3B24A28BEA092B31B090B179 /* Pods */ = {
			isa = PBXGroup;
			children = (
				DC3446A4727F0BA00241CF23 /* Pods-DemoApp.debug.xcconfig */,
				B6E4485A1BB6EAF22ABBECE9 /* Pods-DemoApp.release.xcconfig */,
				C2468ABC4636DCF0693D4ABD /* Pods-DemoApp-DemoAppUITests.debug.xcconfig */,
				75EDF899EAC498DF0EA5AD2C /* Pods-DemoApp-DemoAppUITests.release.xcconfig */,
				9E2AE9C74236011E12B8AB04 /* Pods-DemoAppTests.debug.xcconfig */,
				031B56ABA3AC0215564C2C56 /* Pods-DemoAppTests.release.xcconfig */,
			);
			path = Pods;
			sourceTree = "<group>";
		};
		6C644F0622662B9FF08E47B0 /* Frameworks */ = {
			isa = PBXGroup;
			children = (
				C4D5B9FAB53DC72CA9EEB4E9 /* Pods_DemoApp.framework */,
				FE07415ACFB7CD23B47F9D2C /* Pods_DemoApp_DemoAppUITests.framework */,
				47CD431479C4982EB2AF5298 /* Pods_DemoAppTests.framework */,
			);
			name = Frameworks;
			sourceTree = "<group>";
		};
/* End PBXGroup section */

/* Begin PBXNativeTarget section */
		20C9DF042BE6F2B4000E4EAB /* DemoApp */ = {
			isa = PBXNativeTarget;
			buildConfigurationList = 20C9DF2F2BE6F2B5000E4EAB /* Build configuration list for PBXNativeTarget "DemoApp" */;
			buildPhases = (
				FA431D9E66D514A13A50DAC2 /* [CP] Check Pods Manifest.lock */,
				20C9DF012BE6F2B4000E4EAB /* Sources */,
				20C9DF022BE6F2B4000E4EAB /* Frameworks */,
				20C9DF032BE6F2B4000E4EAB /* Resources */,
			);
			buildRules = (
			);
			dependencies = (
			);
			name = DemoApp;
			productName = DemoApp;
			productReference = 20C9DF052BE6F2B4000E4EAB /* DemoApp.app */;
			productType = "com.apple.product-type.application";
		};
		20C9DF1A2BE6F2B5000E4EAB /* DemoAppTests */ = {
			isa = PBXNativeTarget;
			buildConfigurationList = 20C9DF322BE6F2B5000E4EAB /* Build configuration list for PBXNativeTarget "DemoAppTests" */;
			buildPhases = (
				16BD67E8747394397B97114D /* [CP] Check Pods Manifest.lock */,
				20C9DF172BE6F2B5000E4EAB /* Sources */,
				20C9DF182BE6F2B5000E4EAB /* Frameworks */,
				20C9DF192BE6F2B5000E4EAB /* Resources */,
				3FB4B9523552CDBB28AE9EB6 /* [CP] Embed Pods Frameworks */,
			);
			buildRules = (
			);
			dependencies = (
				20C9DF1D2BE6F2B5000E4EAB /* PBXTargetDependency */,
			);
			name = DemoAppTests;
			productName = DemoAppTests;
			productReference = 20C9DF1B2BE6F2B5000E4EAB /* DemoAppTests.xctest */;
			productType = "com.apple.product-type.bundle.unit-test";
		};
		20C9DF242BE6F2B5000E4EAB /* DemoAppUITests */ = {
			isa = PBXNativeTarget;
			buildConfigurationList = 20C9DF352BE6F2B5000E4EAB /* Build configuration list for PBXNativeTarget "DemoAppUITests" */;
			buildPhases = (
				E2B3DD3E2C7926A9F9E3E31A /* [CP] Check Pods Manifest.lock */,
				20C9DF212BE6F2B5000E4EAB /* Sources */,
				20C9DF222BE6F2B5000E4EAB /* Frameworks */,
				20C9DF232BE6F2B5000E4EAB /* Resources */,
			);
			buildRules = (
			);
			dependencies = (
				20C9DF272BE6F2B5000E4EAB /* PBXTargetDependency */,
			);
			name = DemoAppUITests;
			productName = DemoAppUITests;
			productReference = 20C9DF252BE6F2B5000E4EAB /* DemoAppUITests.xctest */;
			productType = "com.apple.product-type.bundle.ui-testing";
		};
/* End PBXNativeTarget section */

/* Begin PBXProject section */
		20C9DEFD2BE6F2B3000E4EAB /* Project object */ = {
			isa = PBXProject;
			attributes = {
				BuildIndependentTargetsInParallel = 1;
				LastSwiftUpdateCheck = 1530;
				LastUpgradeCheck = 1530;
				TargetAttributes = {
					20C9DF042BE6F2B4000E4EAB = {
						CreatedOnToolsVersion = 15.3;
					};
					20C9DF1A2BE6F2B5000E4EAB = {
						CreatedOnToolsVersion = 15.3;
						TestTargetID = 20C9DF042BE6F2B4000E4EAB;
					};
					20C9DF242BE6F2B5000E4EAB = {
						CreatedOnToolsVersion = 15.3;
						TestTargetID = 20C9DF042BE6F2B4000E4EAB;
					};
				};
			};
			buildConfigurationList = 20C9DF002BE6F2B3000E4EAB /* Build configuration list for PBXProject "DemoApp" */;
			compatibilityVersion = "Xcode 14.0";
			developmentRegion = en;
			hasScannedForEncodings = 0;
			knownRegions = (
				en,
				Base,
			);
			mainGroup = 20C9DEFC2BE6F2B3000E4EAB;
			productRefGroup = 20C9DF062BE6F2B4000E4EAB /* Products */;
			projectDirPath = "";
			projectRoot = "";
			targets = (
				20C9DF042BE6F2B4000E4EAB /* DemoApp */,
				20C9DF1A2BE6F2B5000E4EAB /* DemoAppTests */,
				20C9DF242BE6F2B5000E4EAB /* DemoAppUITests */,
			);
		};
/* End PBXProject section */

/* Begin PBXResourcesBuildPhase section */
		20C9DF032BE6F2B4000E4EAB /* Resources */ = {
			isa = PBXResourcesBuildPhase;
			buildActionMask = 2147483647;
			files = (
				20C9DF122BE6F2B5000E4EAB /* Assets.xcassets in Resources */,
				20C9DF152BE6F2B5000E4EAB /* Base in Resources */,
			);
			runOnlyForDeploymentPostprocessing = 0;
		};
		20C9DF192BE6F2B5000E4EAB /* Resources */ = {
			isa = PBXResourcesBuildPhase;
			buildActionMask = 2147483647;
			files = (
			);
			runOnlyForDeploymentPostprocessing = 0;
		};
		20C9DF232BE6F2B5000E4EAB /* Resources */ = {
			isa = PBXResourcesBuildPhase;
			buildActionMask = 2147483647;
			files = (
			);
			runOnlyForDeploymentPostprocessing = 0;
		};
/* End PBXResourcesBuildPhase section */

/* Begin PBXShellScriptBuildPhase section */
		16BD67E8747394397B97114D /* [CP] Check Pods Manifest.lock */ = {
			isa = PBXShellScriptBuildPhase;
			buildActionMask = 2147483647;
			files = (
			);
			inputFileListPaths = (
			);
			inputPaths = (
				"${PODS_PODFILE_DIR_PATH}/Podfile.lock",
				"${PODS_ROOT}/Manifest.lock",
			);
			name = "[CP] Check Pods Manifest.lock";
			outputFileListPaths = (
			);
			outputPaths = (
				"$(DERIVED_FILE_DIR)/Pods-DemoAppTests-checkManifestLockResult.txt",
			);
			runOnlyForDeploymentPostprocessing = 0;
			shellPath = /bin/sh;
			shellScript = "diff \"${PODS_PODFILE_DIR_PATH}/Podfile.lock\" \"${PODS_ROOT}/Manifest.lock\" > /dev/null\nif [ $? != 0 ] ; then\n    # print error to STDERR\n    echo \"error: The sandbox is not in sync with the Podfile.lock. Run 'pod install' or update your CocoaPods installation.\" >&2\n    exit 1\nfi\n# This output is used by Xcode 'outputs' to avoid re-running this script phase.\necho \"SUCCESS\" > \"${SCRIPT_OUTPUT_FILE_0}\"\n";
			showEnvVarsInLog = 0;
		};
		3FB4B9523552CDBB28AE9EB6 /* [CP] Embed Pods Frameworks */ = {
			isa = PBXShellScriptBuildPhase;
			buildActionMask = 2147483647;
			files = (
			);
			inputFileListPaths = (
				"${PODS_ROOT}/Target Support Files/Pods-DemoAppTests/Pods-DemoAppTests-frameworks-${CONFIGURATION}-input-files.xcfilelist",
			);
			name = "[CP] Embed Pods Frameworks";
			outputFileListPaths = (
				"${PODS_ROOT}/Target Support Files/Pods-DemoAppTests/Pods-DemoAppTests-frameworks-${CONFIGURATION}-output-files.xcfilelist",
			);
			runOnlyForDeploymentPostprocessing = 0;
			shellPath = /bin/sh;
			shellScript = "\"${PODS_ROOT}/Target Support Files/Pods-DemoAppTests/Pods-DemoAppTests-frameworks.sh\"\n";
			showEnvVarsInLog = 0;
		};
		E2B3DD3E2C7926A9F9E3E31A /* [CP] Check Pods Manifest.lock */ = {
			isa = PBXShellScriptBuildPhase;
			buildActionMask = 2147483647;
			files = (
			);
			inputFileListPaths = (
			);
			inputPaths = (
				"${PODS_PODFILE_DIR_PATH}/Podfile.lock",
				"${PODS_ROOT}/Manifest.lock",
			);
			name = "[CP] Check Pods Manifest.lock";
			outputFileListPaths = (
			);
			outputPaths = (
				"$(DERIVED_FILE_DIR)/Pods-DemoApp-DemoAppUITests-checkManifestLockResult.txt",
			);
			runOnlyForDeploymentPostprocessing = 0;
			shellPath = /bin/sh;
			shellScript = "diff \"${PODS_PODFILE_DIR_PATH}/Podfile.lock\" \"${PODS_ROOT}/Manifest.lock\" > /dev/null\nif [ $? != 0 ] ; then\n    # print error to STDERR\n    echo \"error: The sandbox is not in sync with the Podfile.lock. Run 'pod install' or update your CocoaPods installation.\" >&2\n    exit 1\nfi\n# This output is used by Xcode 'outputs' to avoid re-running this script phase.\necho \"SUCCESS\" > \"${SCRIPT_OUTPUT_FILE_0}\"\n";
			showEnvVarsInLog = 0;
		};
		FA431D9E66D514A13A50DAC2 /* [CP] Check Pods Manifest.lock */ = {
			isa = PBXShellScriptBuildPhase;
			buildActionMask = 2147483647;
			files = (
			);
			inputFileListPaths = (
			);
			inputPaths = (
				"${PODS_PODFILE_DIR_PATH}/Podfile.lock",
				"${PODS_ROOT}/Manifest.lock",
			);
			name = "[CP] Check Pods Manifest.lock";
			outputFileListPaths = (
			);
			outputPaths = (
				"$(DERIVED_FILE_DIR)/Pods-DemoApp-checkManifestLockResult.txt",
			);
			runOnlyForDeploymentPostprocessing = 0;
			shellPath = /bin/sh;
			shellScript = "diff \"${PODS_PODFILE_DIR_PATH}/Podfile.lock\" \"${PODS_ROOT}/Manifest.lock\" > /dev/null\nif [ $? != 0 ] ; then\n    # print error to STDERR\n    echo \"error: The sandbox is not in sync with the Podfile.lock. Run 'pod install' or update your CocoaPods installation.\" >&2\n    exit 1\nfi\n# This output is used by Xcode 'outputs' to avoid re-running this script phase.\necho \"SUCCESS\" > \"${SCRIPT_OUTPUT_FILE_0}\"\n";
			showEnvVarsInLog = 0;
		};
/* End PBXShellScriptBuildPhase section */

/* Begin PBXSourcesBuildPhase section */
		20C9DF012BE6F2B4000E4EAB /* Sources */ = {
			isa = PBXSourcesBuildPhase;
			buildActionMask = 2147483647;
			files = (
				20C9DF3D2BE6F725000E4EAB /* DemoEndpoint.swift in Sources */,
				20C9DF0D2BE6F2B4000E4EAB /* FirstViewController.swift in Sources */,
				20C9DF412BE6F8AD000E4EAB /* APIClientURLSession.swift in Sources */,
				20C9DF092BE6F2B4000E4EAB /* AppDelegate.swift in Sources */,
				20C9DF3B2BE6F3EF000E4EAB /* APIEndpoint.swift in Sources */,
				20C9DF3F2BE6F856000E4EAB /* APIClient.swift in Sources */,
				205789D02BEBEF1800DEA100 /* FirstViewModel.swift in Sources */,
				20C9DF0B2BE6F2B4000E4EAB /* SceneDelegate.swift in Sources */,
			);
			runOnlyForDeploymentPostprocessing = 0;
		};
		20C9DF172BE6F2B5000E4EAB /* Sources */ = {
			isa = PBXSourcesBuildPhase;
			buildActionMask = 2147483647;
			files = (
				20C9DF202BE6F2B5000E4EAB /* DemoAppTests.swift in Sources */,
			);
			runOnlyForDeploymentPostprocessing = 0;
		};
		20C9DF212BE6F2B5000E4EAB /* Sources */ = {
			isa = PBXSourcesBuildPhase;
			buildActionMask = 2147483647;
			files = (
				20C9DF2A2BE6F2B5000E4EAB /* DemoAppUITests.swift in Sources */,
				20C9DF2C2BE6F2B5000E4EAB /* DemoAppUITestsLaunchTests.swift in Sources */,
			);
			runOnlyForDeploymentPostprocessing = 0;
		};
/* End PBXSourcesBuildPhase section */

/* Begin PBXTargetDependency section */
		20C9DF1D2BE6F2B5000E4EAB /* PBXTargetDependency */ = {
			isa = PBXTargetDependency;
			target = 20C9DF042BE6F2B4000E4EAB /* DemoApp */;
			targetProxy = 20C9DF1C2BE6F2B5000E4EAB /* PBXContainerItemProxy */;
		};
		20C9DF272BE6F2B5000E4EAB /* PBXTargetDependency */ = {
			isa = PBXTargetDependency;
			target = 20C9DF042BE6F2B4000E4EAB /* DemoApp */;
			targetProxy = 20C9DF262BE6F2B5000E4EAB /* PBXContainerItemProxy */;
		};
/* End PBXTargetDependency section */

/* Begin PBXVariantGroup section */
		20C9DF132BE6F2B5000E4EAB /* LaunchScreen.storyboard */ = {
			isa = PBXVariantGroup;
			children = (
				20C9DF142BE6F2B5000E4EAB /* Base */,
			);
			name = LaunchScreen.storyboard;
			sourceTree = "<group>";
		};
/* End PBXVariantGroup section */

/* Begin XCBuildConfiguration section */
		20C9DF2D2BE6F2B5000E4EAB /* Debug */ = {
			isa = XCBuildConfiguration;
			buildSettings = {
				ALWAYS_SEARCH_USER_PATHS = NO;
				ASSETCATALOG_COMPILER_GENERATE_SWIFT_ASSET_SYMBOL_EXTENSIONS = YES;
				CLANG_ANALYZER_NONNULL = YES;
				CLANG_ANALYZER_NUMBER_OBJECT_CONVERSION = YES_AGGRESSIVE;
				CLANG_CXX_LANGUAGE_STANDARD = "gnu++20";
				CLANG_ENABLE_MODULES = YES;
				CLANG_ENABLE_OBJC_ARC = YES;
				CLANG_ENABLE_OBJC_WEAK = YES;
				CLANG_WARN_BLOCK_CAPTURE_AUTORELEASING = YES;
				CLANG_WARN_BOOL_CONVERSION = YES;
				CLANG_WARN_COMMA = YES;
				CLANG_WARN_CONSTANT_CONVERSION = YES;
				CLANG_WARN_DEPRECATED_OBJC_IMPLEMENTATIONS = YES;
				CLANG_WARN_DIRECT_OBJC_ISA_USAGE = YES_ERROR;
				CLANG_WARN_DOCUMENTATION_COMMENTS = YES;
				CLANG_WARN_EMPTY_BODY = YES;
				CLANG_WARN_ENUM_CONVERSION = YES;
				CLANG_WARN_INFINITE_RECURSION = YES;
				CLANG_WARN_INT_CONVERSION = YES;
				CLANG_WARN_NON_LITERAL_NULL_CONVERSION = YES;
				CLANG_WARN_OBJC_IMPLICIT_RETAIN_SELF = YES;
				CLANG_WARN_OBJC_LITERAL_CONVERSION = YES;
				CLANG_WARN_OBJC_ROOT_CLASS = YES_ERROR;
				CLANG_WARN_QUOTED_INCLUDE_IN_FRAMEWORK_HEADER = YES;
				CLANG_WARN_RANGE_LOOP_ANALYSIS = YES;
				CLANG_WARN_STRICT_PROTOTYPES = YES;
				CLANG_WARN_SUSPICIOUS_MOVE = YES;
				CLANG_WARN_UNGUARDED_AVAILABILITY = YES_AGGRESSIVE;
				CLANG_WARN_UNREACHABLE_CODE = YES;
				CLANG_WARN__DUPLICATE_METHOD_MATCH = YES;
				COPY_PHASE_STRIP = NO;
				DEBUG_INFORMATION_FORMAT = dwarf;
				ENABLE_STRICT_OBJC_MSGSEND = YES;
				ENABLE_TESTABILITY = YES;
				ENABLE_USER_SCRIPT_SANDBOXING = YES;
				GCC_C_LANGUAGE_STANDARD = gnu17;
				GCC_DYNAMIC_NO_PIC = NO;
				GCC_NO_COMMON_BLOCKS = YES;
				GCC_OPTIMIZATION_LEVEL = 0;
				GCC_PREPROCESSOR_DEFINITIONS = (
					"DEBUG=1",
					"$(inherited)",
				);
				GCC_WARN_64_TO_32_BIT_CONVERSION = YES;
				GCC_WARN_ABOUT_RETURN_TYPE = YES_ERROR;
				GCC_WARN_UNDECLARED_SELECTOR = YES;
				GCC_WARN_UNINITIALIZED_AUTOS = YES_AGGRESSIVE;
				GCC_WARN_UNUSED_FUNCTION = YES;
				GCC_WARN_UNUSED_VARIABLE = YES;
				IPHONEOS_DEPLOYMENT_TARGET = 17.4;
				LOCALIZATION_PREFERS_STRING_CATALOGS = YES;
				MTL_ENABLE_DEBUG_INFO = INCLUDE_SOURCE;
				MTL_FAST_MATH = YES;
				ONLY_ACTIVE_ARCH = YES;
				SDKROOT = iphoneos;
				SWIFT_ACTIVE_COMPILATION_CONDITIONS = "DEBUG $(inherited)";
				SWIFT_OPTIMIZATION_LEVEL = "-Onone";
			};
			name = Debug;
		};
		20C9DF2E2BE6F2B5000E4EAB /* Release */ = {
			isa = XCBuildConfiguration;
			buildSettings = {
				ALWAYS_SEARCH_USER_PATHS = NO;
				ASSETCATALOG_COMPILER_GENERATE_SWIFT_ASSET_SYMBOL_EXTENSIONS = YES;
				CLANG_ANALYZER_NONNULL = YES;
				CLANG_ANALYZER_NUMBER_OBJECT_CONVERSION = YES_AGGRESSIVE;
				CLANG_CXX_LANGUAGE_STANDARD = "gnu++20";
				CLANG_ENABLE_MODULES = YES;
				CLANG_ENABLE_OBJC_ARC = YES;
				CLANG_ENABLE_OBJC_WEAK = YES;
				CLANG_WARN_BLOCK_CAPTURE_AUTORELEASING = YES;
				CLANG_WARN_BOOL_CONVERSION = YES;
				CLANG_WARN_COMMA = YES;
				CLANG_WARN_CONSTANT_CONVERSION = YES;
				CLANG_WARN_DEPRECATED_OBJC_IMPLEMENTATIONS = YES;
				CLANG_WARN_DIRECT_OBJC_ISA_USAGE = YES_ERROR;
				CLANG_WARN_DOCUMENTATION_COMMENTS = YES;
				CLANG_WARN_EMPTY_BODY = YES;
				CLANG_WARN_ENUM_CONVERSION = YES;
				CLANG_WARN_INFINITE_RECURSION = YES;
				CLANG_WARN_INT_CONVERSION = YES;
				CLANG_WARN_NON_LITERAL_NULL_CONVERSION = YES;
				CLANG_WARN_OBJC_IMPLICIT_RETAIN_SELF = YES;
				CLANG_WARN_OBJC_LITERAL_CONVERSION = YES;
				CLANG_WARN_OBJC_ROOT_CLASS = YES_ERROR;
				CLANG_WARN_QUOTED_INCLUDE_IN_FRAMEWORK_HEADER = YES;
				CLANG_WARN_RANGE_LOOP_ANALYSIS = YES;
				CLANG_WARN_STRICT_PROTOTYPES = YES;
				CLANG_WARN_SUSPICIOUS_MOVE = YES;
				CLANG_WARN_UNGUARDED_AVAILABILITY = YES_AGGRESSIVE;
				CLANG_WARN_UNREACHABLE_CODE = YES;
				CLANG_WARN__DUPLICATE_METHOD_MATCH = YES;
				COPY_PHASE_STRIP = NO;
				DEBUG_INFORMATION_FORMAT = "dwarf-with-dsym";
				ENABLE_NS_ASSERTIONS = NO;
				ENABLE_STRICT_OBJC_MSGSEND = YES;
				ENABLE_USER_SCRIPT_SANDBOXING = YES;
				GCC_C_LANGUAGE_STANDARD = gnu17;
				GCC_NO_COMMON_BLOCKS = YES;
				GCC_WARN_64_TO_32_BIT_CONVERSION = YES;
				GCC_WARN_ABOUT_RETURN_TYPE = YES_ERROR;
				GCC_WARN_UNDECLARED_SELECTOR = YES;
				GCC_WARN_UNINITIALIZED_AUTOS = YES_AGGRESSIVE;
				GCC_WARN_UNUSED_FUNCTION = YES;
				GCC_WARN_UNUSED_VARIABLE = YES;
				IPHONEOS_DEPLOYMENT_TARGET = 17.4;
				LOCALIZATION_PREFERS_STRING_CATALOGS = YES;
				MTL_ENABLE_DEBUG_INFO = NO;
				MTL_FAST_MATH = YES;
				SDKROOT = iphoneos;
				SWIFT_COMPILATION_MODE = wholemodule;
				VALIDATE_PRODUCT = YES;
			};
			name = Release;
		};
		20C9DF302BE6F2B5000E4EAB /* Debug */ = {
			isa = XCBuildConfiguration;
			baseConfigurationReference = DC3446A4727F0BA00241CF23 /* Pods-DemoApp.debug.xcconfig */;
			buildSettings = {
				ASSETCATALOG_COMPILER_APPICON_NAME = AppIcon;
				ASSETCATALOG_COMPILER_GLOBAL_ACCENT_COLOR_NAME = AccentColor;
				CODE_SIGN_STYLE = Automatic;
				CURRENT_PROJECT_VERSION = 1;
				DEVELOPMENT_TEAM = 9S5S88BS5Q;
				GENERATE_INFOPLIST_FILE = YES;
				INFOPLIST_FILE = DemoApp/Info.plist;
				INFOPLIST_KEY_UIApplicationSupportsIndirectInputEvents = YES;
				INFOPLIST_KEY_UILaunchStoryboardName = LaunchScreen;
				INFOPLIST_KEY_UIMainStoryboardFile = "";
				INFOPLIST_KEY_UISupportedInterfaceOrientations_iPad = "UIInterfaceOrientationPortrait UIInterfaceOrientationPortraitUpsideDown UIInterfaceOrientationLandscapeLeft UIInterfaceOrientationLandscapeRight";
				INFOPLIST_KEY_UISupportedInterfaceOrientations_iPhone = "UIInterfaceOrientationPortrait UIInterfaceOrientationLandscapeLeft UIInterfaceOrientationLandscapeRight";
				LD_RUNPATH_SEARCH_PATHS = (
					"$(inherited)",
					"@executable_path/Frameworks",
				);
				MARKETING_VERSION = 1.0;
				PRODUCT_BUNDLE_IDENTIFIER = hamza.DemoApp;
				PRODUCT_NAME = "$(TARGET_NAME)";
				SWIFT_EMIT_LOC_STRINGS = YES;
				SWIFT_VERSION = 5.0;
				TARGETED_DEVICE_FAMILY = "1,2";
			};
			name = Debug;
		};
		20C9DF312BE6F2B5000E4EAB /* Release */ = {
			isa = XCBuildConfiguration;
			baseConfigurationReference = B6E4485A1BB6EAF22ABBECE9 /* Pods-DemoApp.release.xcconfig */;
			buildSettings = {
				ASSETCATALOG_COMPILER_APPICON_NAME = AppIcon;
				ASSETCATALOG_COMPILER_GLOBAL_ACCENT_COLOR_NAME = AccentColor;
				CODE_SIGN_STYLE = Automatic;
				CURRENT_PROJECT_VERSION = 1;
				DEVELOPMENT_TEAM = 9S5S88BS5Q;
				GENERATE_INFOPLIST_FILE = YES;
				INFOPLIST_FILE = DemoApp/Info.plist;
				INFOPLIST_KEY_UIApplicationSupportsIndirectInputEvents = YES;
				INFOPLIST_KEY_UILaunchStoryboardName = LaunchScreen;
				INFOPLIST_KEY_UIMainStoryboardFile = "";
				INFOPLIST_KEY_UISupportedInterfaceOrientations_iPad = "UIInterfaceOrientationPortrait UIInterfaceOrientationPortraitUpsideDown UIInterfaceOrientationLandscapeLeft UIInterfaceOrientationLandscapeRight";
				INFOPLIST_KEY_UISupportedInterfaceOrientations_iPhone = "UIInterfaceOrientationPortrait UIInterfaceOrientationLandscapeLeft UIInterfaceOrientationLandscapeRight";
				LD_RUNPATH_SEARCH_PATHS = (
					"$(inherited)",
					"@executable_path/Frameworks",
				);
				MARKETING_VERSION = 1.0;
				PRODUCT_BUNDLE_IDENTIFIER = hamza.DemoApp;
				PRODUCT_NAME = "$(TARGET_NAME)";
				SWIFT_EMIT_LOC_STRINGS = YES;
				SWIFT_VERSION = 5.0;
				TARGETED_DEVICE_FAMILY = "1,2";
			};
			name = Release;
		};
		20C9DF332BE6F2B5000E4EAB /* Debug */ = {
			isa = XCBuildConfiguration;
			baseConfigurationReference = 9E2AE9C74236011E12B8AB04 /* Pods-DemoAppTests.debug.xcconfig */;
			buildSettings = {
				ALWAYS_EMBED_SWIFT_STANDARD_LIBRARIES = YES;
				BUNDLE_LOADER = "$(TEST_HOST)";
				CODE_SIGN_STYLE = Automatic;
				CURRENT_PROJECT_VERSION = 1;
				DEVELOPMENT_TEAM = 9S5S88BS5Q;
				GENERATE_INFOPLIST_FILE = YES;
				IPHONEOS_DEPLOYMENT_TARGET = 17.4;
				MARKETING_VERSION = 1.0;
				PRODUCT_BUNDLE_IDENTIFIER = hamza.DemoAppTests;
				PRODUCT_NAME = "$(TARGET_NAME)";
				SWIFT_EMIT_LOC_STRINGS = NO;
				SWIFT_VERSION = 5.0;
				TARGETED_DEVICE_FAMILY = "1,2";
				TEST_HOST = "$(BUILT_PRODUCTS_DIR)/DemoApp.app/$(BUNDLE_EXECUTABLE_FOLDER_PATH)/DemoApp";
			};
			name = Debug;
		};
		20C9DF342BE6F2B5000E4EAB /* Release */ = {
			isa = XCBuildConfiguration;
			baseConfigurationReference = 031B56ABA3AC0215564C2C56 /* Pods-DemoAppTests.release.xcconfig */;
			buildSettings = {
				ALWAYS_EMBED_SWIFT_STANDARD_LIBRARIES = YES;
				BUNDLE_LOADER = "$(TEST_HOST)";
				CODE_SIGN_STYLE = Automatic;
				CURRENT_PROJECT_VERSION = 1;
				DEVELOPMENT_TEAM = 9S5S88BS5Q;
				GENERATE_INFOPLIST_FILE = YES;
				IPHONEOS_DEPLOYMENT_TARGET = 17.4;
				MARKETING_VERSION = 1.0;
				PRODUCT_BUNDLE_IDENTIFIER = hamza.DemoAppTests;
				PRODUCT_NAME = "$(TARGET_NAME)";
				SWIFT_EMIT_LOC_STRINGS = NO;
				SWIFT_VERSION = 5.0;
				TARGETED_DEVICE_FAMILY = "1,2";
				TEST_HOST = "$(BUILT_PRODUCTS_DIR)/DemoApp.app/$(BUNDLE_EXECUTABLE_FOLDER_PATH)/DemoApp";
			};
			name = Release;
		};
		20C9DF362BE6F2B5000E4EAB /* Debug */ = {
			isa = XCBuildConfiguration;
			baseConfigurationReference = C2468ABC4636DCF0693D4ABD /* Pods-DemoApp-DemoAppUITests.debug.xcconfig */;
			buildSettings = {
				ALWAYS_EMBED_SWIFT_STANDARD_LIBRARIES = YES;
				CODE_SIGN_STYLE = Automatic;
				CURRENT_PROJECT_VERSION = 1;
				DEVELOPMENT_TEAM = 9S5S88BS5Q;
				GENERATE_INFOPLIST_FILE = YES;
				MARKETING_VERSION = 1.0;
				PRODUCT_BUNDLE_IDENTIFIER = hamza.DemoAppUITests;
				PRODUCT_NAME = "$(TARGET_NAME)";
				SWIFT_EMIT_LOC_STRINGS = NO;
				SWIFT_VERSION = 5.0;
				TARGETED_DEVICE_FAMILY = "1,2";
				TEST_TARGET_NAME = DemoApp;
			};
			name = Debug;
		};
		20C9DF372BE6F2B5000E4EAB /* Release */ = {
			isa = XCBuildConfiguration;
			baseConfigurationReference = 75EDF899EAC498DF0EA5AD2C /* Pods-DemoApp-DemoAppUITests.release.xcconfig */;
			buildSettings = {
				ALWAYS_EMBED_SWIFT_STANDARD_LIBRARIES = YES;
				CODE_SIGN_STYLE = Automatic;
				CURRENT_PROJECT_VERSION = 1;
				DEVELOPMENT_TEAM = 9S5S88BS5Q;
				GENERATE_INFOPLIST_FILE = YES;
				MARKETING_VERSION = 1.0;
				PRODUCT_BUNDLE_IDENTIFIER = hamza.DemoAppUITests;
				PRODUCT_NAME = "$(TARGET_NAME)";
				SWIFT_EMIT_LOC_STRINGS = NO;
				SWIFT_VERSION = 5.0;
				TARGETED_DEVICE_FAMILY = "1,2";
				TEST_TARGET_NAME = DemoApp;
			};
			name = Release;
		};
/* End XCBuildConfiguration section */

/* Begin XCConfigurationList section */
		20C9DF002BE6F2B3000E4EAB /* Build configuration list for PBXProject "DemoApp" */ = {
			isa = XCConfigurationList;
			buildConfigurations = (
				20C9DF2D2BE6F2B5000E4EAB /* Debug */,
				20C9DF2E2BE6F2B5000E4EAB /* Release */,
			);
			defaultConfigurationIsVisible = 0;
			defaultConfigurationName = Release;
		};
		20C9DF2F2BE6F2B5000E4EAB /* Build configuration list for PBXNativeTarget "DemoApp" */ = {
			isa = XCConfigurationList;
			buildConfigurations = (
				20C9DF302BE6F2B5000E4EAB /* Debug */,
				20C9DF312BE6F2B5000E4EAB /* Release */,
			);
			defaultConfigurationIsVisible = 0;
			defaultConfigurationName = Release;
		};
		20C9DF322BE6F2B5000E4EAB /* Build configuration list for PBXNativeTarget "DemoAppTests" */ = {
			isa = XCConfigurationList;
			buildConfigurations = (
				20C9DF332BE6F2B5000E4EAB /* Debug */,
				20C9DF342BE6F2B5000E4EAB /* Release */,
			);
			defaultConfigurationIsVisible = 0;
			defaultConfigurationName = Release;
		};
		20C9DF352BE6F2B5000E4EAB /* Build configuration list for PBXNativeTarget "DemoAppUITests" */ = {
			isa = XCConfigurationList;
			buildConfigurations = (
				20C9DF362BE6F2B5000E4EAB /* Debug */,
				20C9DF372BE6F2B5000E4EAB /* Release */,
			);
			defaultConfigurationIsVisible = 0;
			defaultConfigurationName = Release;
		};
/* End XCConfigurationList section */
	};
	rootObject = 20C9DEFD2BE6F2B3000E4EAB /* Project object */;
}
